
Microsoft Visual Studio Solution File, Format Version 12.00
# Visual Studio Version 16
VisualStudioVersion = 16.0.30204.135
MinimumVisualStudioVersion = 10.0.40219.1
Project("{FAE04EC0-301F-11D3-BF4B-00C04F79EFBC}") = "FlappyBird 02", "FlappyBird 02\FlappyBird 02.csproj", "{520DAF23-07F1-4280-8FBA-6AFBD02698DA}"
EndProject
Global
	GlobalSection(SolutionConfigurationPlatforms) = preSolution
		Debug|Any CPU = Debug|Any CPU
		Release|Any CPU = Release|Any CPU
	EndGlobalSection
	GlobalSection(ProjectConfigurationPlatforms) = postSolution
		{520DAF23-07F1-4280-8FBA-6AFBD02698DA}.Debug|Any CPU.ActiveCfg = Debug|Any CPU
		{520DAF23-07F1-4280-8FBA-6AFBD02698DA}.Debug|Any CPU.Build.0 = Debug|Any CPU
		{520DAF23-07F1-4280-8FBA-6AFBD02698DA}.Release|Any CPU.ActiveCfg = Release|Any CPU
		{520DAF23-07F1-4280-8FBA-6AFBD02698DA}.Release|Any CPU.Build.0 = Release|Any CPU
	EndGlobalSection
	GlobalSection(SolutionProperties) = preSolution
		HideSolutionNode = FALSE
	EndGlobalSection
	GlobalSection(ExtensibilityGlobals) = postSolution
		SolutionGuid = {84DC752F-C1BE-4DD6-B2AD-0DBCBD7BAF85}
	EndGlobalSection
EndGlobal
